
Microsoft Visual Studio Solution File, Format Version 12.00
# Visual Studio Version 16
VisualStudioVersion = 16.0.30204.135
MinimumVisualStudioVersion = 10.0.40219.1
Project("{9A19103F-16F7-4668-BE54-9A1E7A4F7556}") = "LibCsvFiles", "src\LibCsvFiles.csproj", "{E2FF1E2E-7E53-4A19-9C98-98129A9F9D87}"
EndProject
Project("{9A19103F-16F7-4668-BE54-9A1E7A4F7556}") = "LibHelper", "..\..\Common\LibHelper\src\LibHelper.csproj", "{13C52766-896E-4AE3-9BE8-F4BC2A03DB5A}"
EndProject
Global
	GlobalSection(SolutionConfigurationPlatforms) = preSolution
		Debug|Any CPU = Debug|Any CPU
		Release|Any CPU = Release|Any CPU
	EndGlobalSection
	GlobalSection(ProjectConfigurationPlatforms) = postSolution
		{E2FF1E2E-7E53-4A19-9C98-98129A9F9D87}.Debug|Any CPU.ActiveCfg = Debug|Any CPU
		{E2FF1E2E-7E53-4A19-9C98-98129A9F9D87}.Debug|Any CPU.Build.0 = Debug|Any CPU
		{E2FF1E2E-7E53-4A19-9C98-98129A9F9D87}.Release|Any CPU.ActiveCfg = Release|Any CPU
		{E2FF1E2E-7E53-4A19-9C98-98129A9F9D87}.Release|Any CPU.Build.0 = Release|Any CPU
		{13C52766-896E-4AE3-9BE8-F4BC2A03DB5A}.Debug|Any CPU.ActiveCfg = Debug|Any CPU
		{13C52766-896E-4AE3-9BE8-F4BC2A03DB5A}.Debug|Any CPU.Build.0 = Debug|Any CPU
		{13C52766-896E-4AE3-9BE8-F4BC2A03DB5A}.Release|Any CPU.ActiveCfg = Release|Any CPU
		{13C52766-896E-4AE3-9BE8-F4BC2A03DB5A}.Release|Any CPU.Build.0 = Release|Any CPU
	EndGlobalSection
	GlobalSection(SolutionProperties) = preSolution
		HideSolutionNode = FALSE
	EndGlobalSection
	GlobalSection(ExtensibilityGlobals) = postSolution
		SolutionGuid = {CDB31F5A-8EF1-409F-AA1A-47538414050C}
	EndGlobalSection
EndGlobal
